
Microsoft Visual Studio Solution File, Format Version 12.00
# Visual Studio Version 17
VisualStudioVersion = 17.9.34728.123
MinimumVisualStudioVersion = 10.0.40219.1
Project("{FAE04EC0-301F-11D3-BF4B-00C04F79EFBC}") = "RandomNumberList", "RandomNumberList\RandomNumberList.csproj", "{AF7E4834-BA0B-47E0-BE7C-154B7FFAA3DD}"
EndProject
Project("{FAE04EC0-301F-11D3-BF4B-00C04F79EFBC}") = "RandomNumberList.Test", "RandomNumberListTest\RandomNumberList.Test.csproj", "{446E515C-02EE-47A9-8C7A-E26A8170CD05}"
EndProject
Global
	GlobalSection(SolutionConfigurationPlatforms) = preSolution
		Debug|Any CPU = Debug|Any CPU
		Release|Any CPU = Release|Any CPU
	EndGlobalSection
	GlobalSection(ProjectConfigurationPlatforms) = postSolution
		{AF7E4834-BA0B-47E0-BE7C-154B7FFAA3DD}.Debug|Any CPU.ActiveCfg = Debug|Any CPU
		{AF7E4834-BA0B-47E0-BE7C-154B7FFAA3DD}.Debug|Any CPU.Build.0 = Debug|Any CPU
		{AF7E4834-BA0B-47E0-BE7C-154B7FFAA3DD}.Release|Any CPU.ActiveCfg = Release|Any CPU
		{AF7E4834-BA0B-47E0-BE7C-154B7FFAA3DD}.Release|Any CPU.Build.0 = Release|Any CPU
		{446E515C-02EE-47A9-8C7A-E26A8170CD05}.Debug|Any CPU.ActiveCfg = Debug|Any CPU
		{446E515C-02EE-47A9-8C7A-E26A8170CD05}.Debug|Any CPU.Build.0 = Debug|Any CPU
		{446E515C-02EE-47A9-8C7A-E26A8170CD05}.Release|Any CPU.ActiveCfg = Release|Any CPU
		{446E515C-02EE-47A9-8C7A-E26A8170CD05}.Release|Any CPU.Build.0 = Release|Any CPU
	EndGlobalSection
	GlobalSection(SolutionProperties) = preSolution
		HideSolutionNode = FALSE
	EndGlobalSection
	GlobalSection(ExtensibilityGlobals) = postSolution
		SolutionGuid = {66BB2256-A734-4AE7-8FDB-BED95BF4926B}
	EndGlobalSection
EndGlobal
